// !$*UTF8*$!
{
	archiveVersion = 1;
	classes = {
	};
	objectVersion = 56;
	objects = {

/* Begin PBXBuildFile section */
		505DA6562A45D443004C43D8 /* SBNavigationController.framework in Frameworks */ = {isa = PBXBuildFile; fileRef = 505DA64D2A45D442004C43D8 /* SBNavigationController.framework */; };
		505DA6672A45D623004C43D8 /* SBNavigationControllerTests.swift in Sources */ = {isa = PBXBuildFile; fileRef = 505DA6652A45D620004C43D8 /* SBNavigationControllerTests.swift */; };
		505DA6A62A45DB98004C43D8 /* Runtime.swift in Sources */ = {isa = PBXBuildFile; fileRef = 505DA6A52A45DB98004C43D8 /* Runtime.swift */; };
		505DA6A82A45DE12004C43D8 /* Spirit.swift in Sources */ = {isa = PBXBuildFile; fileRef = 505DA6A72A45DE12004C43D8 /* Spirit.swift */; };
		505DA6AA2A45DFF9004C43D8 /* SBNavigationController.swift in Sources */ = {isa = PBXBuildFile; fileRef = 505DA6A92A45DFF9004C43D8 /* SBNavigationController.swift */; };
		505DA6AC2A45E148004C43D8 /* SBContainerNavigationController.swift in Sources */ = {isa = PBXBuildFile; fileRef = 505DA6AB2A45E148004C43D8 /* SBContainerNavigationController.swift */; };
		505DA6AF2A45EC56004C43D8 /* UIViewController+Spirit.swift in Sources */ = {isa = PBXBuildFile; fileRef = 505DA6AE2A45EC56004C43D8 /* UIViewController+Spirit.swift */; };
		505DA6B12A45EDC9004C43D8 /* SBContainerViewController.swift in Sources */ = {isa = PBXBuildFile; fileRef = 505DA6B02A45EDC9004C43D8 /* SBContainerViewController.swift */; };
		505DA6B32A47E14C004C43D8 /* Array+Spirit.swift in Sources */ = {isa = PBXBuildFile; fileRef = 505DA6B22A47E14C004C43D8 /* Array+Spirit.swift */; };
/* End PBXBuildFile section */

/* Begin PBXContainerItemProxy section */
		505DA6572A45D443004C43D8 /* PBXContainerItemProxy */ = {
			isa = PBXContainerItemProxy;
			containerPortal = 505DA6442A45D442004C43D8 /* Project object */;
			proxyType = 1;
			remoteGlobalIDString = 505DA64C2A45D442004C43D8;
			remoteInfo = SBNavigationController;
		};
/* End PBXContainerItemProxy section */

/* Begin PBXFileReference section */
		505DA64D2A45D442004C43D8 /* SBNavigationController.framework */ = {isa = PBXFileReference; explicitFileType = wrapper.framework; includeInIndex = 0; path = SBNavigationController.framework; sourceTree = BUILT_PRODUCTS_DIR; };
		505DA6552A45D443004C43D8 /* SBNavigationControllerTests.xctest */ = {isa = PBXFileReference; explicitFileType = wrapper.cfbundle; includeInIndex = 0; path = SBNavigationControllerTests.xctest; sourceTree = BUILT_PRODUCTS_DIR; };
		505DA6652A45D620004C43D8 /* SBNavigationControllerTests.swift */ = {isa = PBXFileReference; fileEncoding = 4; lastKnownFileType = sourcecode.swift; name = SBNavigationControllerTests.swift; path = Tests/SBNavigationControllerTests.swift; sourceTree = "<group>"; };
		505DA6A52A45DB98004C43D8 /* Runtime.swift */ = {isa = PBXFileReference; lastKnownFileType = sourcecode.swift; path = Runtime.swift; sourceTree = "<group>"; };
		505DA6A72A45DE12004C43D8 /* Spirit.swift */ = {isa = PBXFileReference; lastKnownFileType = sourcecode.swift; path = Spirit.swift; sourceTree = "<group>"; };
		505DA6A92A45DFF9004C43D8 /* SBNavigationController.swift */ = {isa = PBXFileReference; lastKnownFileType = sourcecode.swift; path = SBNavigationController.swift; sourceTree = "<group>"; };
		505DA6AB2A45E148004C43D8 /* SBContainerNavigationController.swift */ = {isa = PBXFileReference; lastKnownFileType = sourcecode.swift; path = SBContainerNavigationController.swift; sourceTree = "<group>"; };
		505DA6AE2A45EC56004C43D8 /* UIViewController+Spirit.swift */ = {isa = PBXFileReference; lastKnownFileType = sourcecode.swift; path = "UIViewController+Spirit.swift"; sourceTree = "<group>"; };
		505DA6B02A45EDC9004C43D8 /* SBContainerViewController.swift */ = {isa = PBXFileReference; lastKnownFileType = sourcecode.swift; path = SBContainerViewController.swift; sourceTree = "<group>"; };
		505DA6B22A47E14C004C43D8 /* Array+Spirit.swift */ = {isa = PBXFileReference; lastKnownFileType = sourcecode.swift; path = "Array+Spirit.swift"; sourceTree = "<group>"; };
/* End PBXFileReference section */

/* Begin PBXFrameworksBuildPhase section */
		505DA64A2A45D442004C43D8 /* Frameworks */ = {
			isa = PBXFrameworksBuildPhase;
			buildActionMask = 2147483647;
			files = (
			);
			runOnlyForDeploymentPostprocessing = 0;
		};
		505DA6522A45D443004C43D8 /* Frameworks */ = {
			isa = PBXFrameworksBuildPhase;
			buildActionMask = 2147483647;
			files = (
				505DA6562A45D443004C43D8 /* SBNavigationController.framework in Frameworks */,
			);
			runOnlyForDeploymentPostprocessing = 0;
		};
/* End PBXFrameworksBuildPhase section */

/* Begin PBXGroup section */
		505DA6432A45D442004C43D8 = {
			isa = PBXGroup;
			children = (
				505DA64F2A45D442004C43D8 /* Sources */,
				505DA6592A45D443004C43D8 /* Tests */,
				505DA64E2A45D442004C43D8 /* Products */,
			);
			sourceTree = "<group>";
		};
		505DA64E2A45D442004C43D8 /* Products */ = {
			isa = PBXGroup;
			children = (
				505DA64D2A45D442004C43D8 /* SBNavigationController.framework */,
				505DA6552A45D443004C43D8 /* SBNavigationControllerTests.xctest */,
			);
			name = Products;
			sourceTree = "<group>";
		};
		505DA64F2A45D442004C43D8 /* Sources */ = {
			isa = PBXGroup;
			children = (
				505DA6A32A45DA08004C43D8 /* Core */,
				505DA6AD2A45EC2C004C43D8 /* Extensions */,
				505DA6A42A45DB4D004C43D8 /* Utility */,
			);
			path = Sources;
			sourceTree = "<group>";
		};
		505DA6592A45D443004C43D8 /* Tests */ = {
			isa = PBXGroup;
			children = (
				505DA6652A45D620004C43D8 /* SBNavigationControllerTests.swift */,
			);
			name = Tests;
			sourceTree = "<group>";
		};
		505DA6A32A45DA08004C43D8 /* Core */ = {
			isa = PBXGroup;
			children = (
				505DA6A72A45DE12004C43D8 /* Spirit.swift */,
				505DA6AB2A45E148004C43D8 /* SBContainerNavigationController.swift */,
				505DA6B02A45EDC9004C43D8 /* SBContainerViewController.swift */,
				505DA6A92A45DFF9004C43D8 /* SBNavigationController.swift */,
			);
			path = Core;
			sourceTree = "<group>";
		};
		505DA6A42A45DB4D004C43D8 /* Utility */ = {
			isa = PBXGroup;
			children = (
				505DA6A52A45DB98004C43D8 /* Runtime.swift */,
			);
			path = Utility;
			sourceTree = "<group>";
		};
		505DA6AD2A45EC2C004C43D8 /* Extensions */ = {
			isa = PBXGroup;
			children = (
				505DA6B22A47E14C004C43D8 /* Array+Spirit.swift */,
				505DA6AE2A45EC56004C43D8 /* UIViewController+Spirit.swift */,
			);
			path = Extensions;
			sourceTree = "<group>";
		};
/* End PBXGroup section */

/* Begin PBXHeadersBuildPhase section */
		505DA6482A45D442004C43D8 /* Headers */ = {
			isa = PBXHeadersBuildPhase;
			buildActionMask = 2147483647;
			files = (
			);
			runOnlyForDeploymentPostprocessing = 0;
		};
/* End PBXHeadersBuildPhase section */

/* Begin PBXNativeTarget section */
		505DA64C2A45D442004C43D8 /* SBNavigationController */ = {
			isa = PBXNativeTarget;
			buildConfigurationList = 505DA65F2A45D443004C43D8 /* Build configuration list for PBXNativeTarget "SBNavigationController" */;
			buildPhases = (
				505DA6482A45D442004C43D8 /* Headers */,
				505DA6492A45D442004C43D8 /* Sources */,
				505DA64A2A45D442004C43D8 /* Frameworks */,
				505DA64B2A45D442004C43D8 /* Resources */,
			);
			buildRules = (
			);
			dependencies = (
			);
			name = SBNavigationController;
			productName = SBNavigationController;
			productReference = 505DA64D2A45D442004C43D8 /* SBNavigationController.framework */;
			productType = "com.apple.product-type.framework";
		};
		505DA6542A45D443004C43D8 /* SBNavigationControllerTests */ = {
			isa = PBXNativeTarget;
			buildConfigurationList = 505DA6622A45D443004C43D8 /* Build configuration list for PBXNativeTarget "SBNavigationControllerTests" */;
			buildPhases = (
				505DA6512A45D443004C43D8 /* Sources */,
				505DA6522A45D443004C43D8 /* Frameworks */,
				505DA6532A45D443004C43D8 /* Resources */,
			);
			buildRules = (
			);
			dependencies = (
				505DA6582A45D443004C43D8 /* PBXTargetDependency */,
			);
			name = SBNavigationControllerTests;
			productName = SBNavigationControllerTests;
			productReference = 505DA6552A45D443004C43D8 /* SBNavigationControllerTests.xctest */;
			productType = "com.apple.product-type.bundle.unit-test";
		};
/* End PBXNativeTarget section */

/* Begin PBXProject section */
		505DA6442A45D442004C43D8 /* Project object */ = {
			isa = PBXProject;
			attributes = {
				BuildIndependentTargetsInParallel = 1;
				LastSwiftUpdateCheck = 1420;
				LastUpgradeCheck = 1420;
				TargetAttributes = {
					505DA64C2A45D442004C43D8 = {
						CreatedOnToolsVersion = 14.2;
						LastSwiftMigration = 1420;
					};
					505DA6542A45D443004C43D8 = {
						CreatedOnToolsVersion = 14.2;
					};
				};
			};
			buildConfigurationList = 505DA6472A45D442004C43D8 /* Build configuration list for PBXProject "SBNavigationController" */;
			compatibilityVersion = "Xcode 14.0";
			developmentRegion = en;
			hasScannedForEncodings = 0;
			knownRegions = (
				en,
				Base,
			);
			mainGroup = 505DA6432A45D442004C43D8;
			productRefGroup = 505DA64E2A45D442004C43D8 /* Products */;
			projectDirPath = "";
			projectRoot = "";
			targets = (
				505DA64C2A45D442004C43D8 /* SBNavigationController */,
				505DA6542A45D443004C43D8 /* SBNavigationControllerTests */,
			);
		};
/* End PBXProject section */

/* Begin PBXResourcesBuildPhase section */
		505DA64B2A45D442004C43D8 /* Resources */ = {
			isa = PBXResourcesBuildPhase;
			buildActionMask = 2147483647;
			files = (
			);
			runOnlyForDeploymentPostprocessing = 0;
		};
		505DA6532A45D443004C43D8 /* Resources */ = {
			isa = PBXResourcesBuildPhase;
			buildActionMask = 2147483647;
			files = (
			);
			runOnlyForDeploymentPostprocessing = 0;
		};
/* End PBXResourcesBuildPhase section */

/* Begin PBXSourcesBuildPhase section */
		505DA6492A45D442004C43D8 /* Sources */ = {
			isa = PBXSourcesBuildPhase;
			buildActionMask = 2147483647;
			files = (
				505DA6AC2A45E148004C43D8 /* SBContainerNavigationController.swift in Sources */,
				505DA6AA2A45DFF9004C43D8 /* SBNavigationController.swift in Sources */,
				505DA6AF2A45EC56004C43D8 /* UIViewController+Spirit.swift in Sources */,
				505DA6B32A47E14C004C43D8 /* Array+Spirit.swift in Sources */,
				505DA6A82A45DE12004C43D8 /* Spirit.swift in Sources */,
				505DA6A62A45DB98004C43D8 /* Runtime.swift in Sources */,
				505DA6B12A45EDC9004C43D8 /* SBContainerViewController.swift in Sources */,
			);
			runOnlyForDeploymentPostprocessing = 0;
		};
		505DA6512A45D443004C43D8 /* Sources */ = {
			isa = PBXSourcesBuildPhase;
			buildActionMask = 2147483647;
			files = (
				505DA6672A45D623004C43D8 /* SBNavigationControllerTests.swift in Sources */,
			);
			runOnlyForDeploymentPostprocessing = 0;
		};
/* End PBXSourcesBuildPhase section */

/* Begin PBXTargetDependency section */
		505DA6582A45D443004C43D8 /* PBXTargetDependency */ = {
			isa = PBXTargetDependency;
			target = 505DA64C2A45D442004C43D8 /* SBNavigationController */;
			targetProxy = 505DA6572A45D443004C43D8 /* PBXContainerItemProxy */;
		};
/* End PBXTargetDependency section */

/* Begin XCBuildConfiguration section */
		505DA65D2A45D443004C43D8 /* Debug */ = {
			isa = XCBuildConfiguration;
			buildSettings = {
				ALWAYS_SEARCH_USER_PATHS = NO;
				CLANG_ANALYZER_NONNULL = YES;
				CLANG_ANALYZER_NUMBER_OBJECT_CONVERSION = YES_AGGRESSIVE;
				CLANG_CXX_LANGUAGE_STANDARD = "gnu++20";
				CLANG_ENABLE_MODULES = YES;
				CLANG_ENABLE_OBJC_ARC = YES;
				CLANG_ENABLE_OBJC_WEAK = YES;
				CLANG_WARN_BLOCK_CAPTURE_AUTORELEASING = YES;
				CLANG_WARN_BOOL_CONVERSION = YES;
				CLANG_WARN_COMMA = YES;
				CLANG_WARN_CONSTANT_CONVERSION = YES;
				CLANG_WARN_DEPRECATED_OBJC_IMPLEMENTATIONS = YES;
				CLANG_WARN_DIRECT_OBJC_ISA_USAGE = YES_ERROR;
				CLANG_WARN_DOCUMENTATION_COMMENTS = YES;
				CLANG_WARN_EMPTY_BODY = YES;
				CLANG_WARN_ENUM_CONVERSION = YES;
				CLANG_WARN_INFINITE_RECURSION = YES;
				CLANG_WARN_INT_CONVERSION = YES;
				CLANG_WARN_NON_LITERAL_NULL_CONVERSION = YES;
				CLANG_WARN_OBJC_IMPLICIT_RETAIN_SELF = YES;
				CLANG_WARN_OBJC_LITERAL_CONVERSION = YES;
				CLANG_WARN_OBJC_ROOT_CLASS = YES_ERROR;
				CLANG_WARN_QUOTED_INCLUDE_IN_FRAMEWORK_HEADER = YES;
				CLANG_WARN_RANGE_LOOP_ANALYSIS = YES;
				CLANG_WARN_STRICT_PROTOTYPES = YES;
				CLANG_WARN_SUSPICIOUS_MOVE = YES;
				CLANG_WARN_UNGUARDED_AVAILABILITY = YES_AGGRESSIVE;
				CLANG_WARN_UNREACHABLE_CODE = YES;
				CLANG_WARN__DUPLICATE_METHOD_MATCH = YES;
				COPY_PHASE_STRIP = NO;
				CURRENT_PROJECT_VERSION = 40;
				DEBUG_INFORMATION_FORMAT = dwarf;
				ENABLE_STRICT_OBJC_MSGSEND = YES;
				ENABLE_TESTABILITY = YES;
				GCC_C_LANGUAGE_STANDARD = gnu11;
				GCC_DYNAMIC_NO_PIC = NO;
				GCC_NO_COMMON_BLOCKS = YES;
				GCC_OPTIMIZATION_LEVEL = 0;
				GCC_PREPROCESSOR_DEFINITIONS = (
					"DEBUG=1",
					"$(inherited)",
				);
				GCC_WARN_64_TO_32_BIT_CONVERSION = YES;
				GCC_WARN_ABOUT_RETURN_TYPE = YES_ERROR;
				GCC_WARN_UNDECLARED_SELECTOR = YES;
				GCC_WARN_UNINITIALIZED_AUTOS = YES_AGGRESSIVE;
				GCC_WARN_UNUSED_FUNCTION = YES;
				GCC_WARN_UNUSED_VARIABLE = YES;
				IPHONEOS_DEPLOYMENT_TARGET = 11.0;
				MTL_ENABLE_DEBUG_INFO = INCLUDE_SOURCE;
				MTL_FAST_MATH = YES;
				ONLY_ACTIVE_ARCH = YES;
				SDKROOT = iphoneos;
				SWIFT_ACTIVE_COMPILATION_CONDITIONS = DEBUG;
				SWIFT_OPTIMIZATION_LEVEL = "-Onone";
				SWIFT_VERSION = 5.0;
				TARGETED_DEVICE_FAMILY = "1 2";
				VERSIONING_SYSTEM = "apple-generic";
				VERSION_INFO_PREFIX = "";
			};
			name = Debug;
		};
		505DA65E2A45D443004C43D8 /* Release */ = {
			isa = XCBuildConfiguration;
			buildSettings = {
				ALWAYS_SEARCH_USER_PATHS = NO;
				CLANG_ANALYZER_NONNULL = YES;
				CLANG_ANALYZER_NUMBER_OBJECT_CONVERSION = YES_AGGRESSIVE;
				CLANG_CXX_LANGUAGE_STANDARD = "gnu++20";
				CLANG_ENABLE_MODULES = YES;
				CLANG_ENABLE_OBJC_ARC = YES;
				CLANG_ENABLE_OBJC_WEAK = YES;
				CLANG_WARN_BLOCK_CAPTURE_AUTORELEASING = YES;
				CLANG_WARN_BOOL_CONVERSION = YES;
				CLANG_WARN_COMMA = YES;
				CLANG_WARN_CONSTANT_CONVERSION = YES;
				CLANG_WARN_DEPRECATED_OBJC_IMPLEMENTATIONS = YES;
				CLANG_WARN_DIRECT_OBJC_ISA_USAGE = YES_ERROR;
				CLANG_WARN_DOCUMENTATION_COMMENTS = YES;
				CLANG_WARN_EMPTY_BODY = YES;
				CLANG_WARN_ENUM_CONVERSION = YES;
				CLANG_WARN_INFINITE_RECURSION = YES;
				CLANG_WARN_INT_CONVERSION = YES;
				CLANG_WARN_NON_LITERAL_NULL_CONVERSION = YES;
				CLANG_WARN_OBJC_IMPLICIT_RETAIN_SELF = YES;
				CLANG_WARN_OBJC_LITERAL_CONVERSION = YES;
				CLANG_WARN_OBJC_ROOT_CLASS = YES_ERROR;
				CLANG_WARN_QUOTED_INCLUDE_IN_FRAMEWORK_HEADER = YES;
				CLANG_WARN_RANGE_LOOP_ANALYSIS = YES;
				CLANG_WARN_STRICT_PROTOTYPES = YES;
				CLANG_WARN_SUSPICIOUS_MOVE = YES;
				CLANG_WARN_UNGUARDED_AVAILABILITY = YES_AGGRESSIVE;
				CLANG_WARN_UNREACHABLE_CODE = YES;
				CLANG_WARN__DUPLICATE_METHOD_MATCH = YES;
				COPY_PHASE_STRIP = NO;
				CURRENT_PROJECT_VERSION = 40;
				DEBUG_INFORMATION_FORMAT = "dwarf-with-dsym";
				ENABLE_NS_ASSERTIONS = NO;
				ENABLE_STRICT_OBJC_MSGSEND = YES;
				GCC_C_LANGUAGE_STANDARD = gnu11;
				GCC_NO_COMMON_BLOCKS = YES;
				GCC_WARN_64_TO_32_BIT_CONVERSION = YES;
				GCC_WARN_ABOUT_RETURN_TYPE = YES_ERROR;
				GCC_WARN_UNDECLARED_SELECTOR = YES;
				GCC_WARN_UNINITIALIZED_AUTOS = YES_AGGRESSIVE;
				GCC_WARN_UNUSED_FUNCTION = YES;
				GCC_WARN_UNUSED_VARIABLE = YES;
				IPHONEOS_DEPLOYMENT_TARGET = 11.0;
				MTL_ENABLE_DEBUG_INFO = NO;
				MTL_FAST_MATH = YES;
				SDKROOT = iphoneos;
				SWIFT_COMPILATION_MODE = wholemodule;
				SWIFT_OPTIMIZATION_LEVEL = "-O";
				SWIFT_VERSION = 5.0;
				TARGETED_DEVICE_FAMILY = "1 2";
				VALIDATE_PRODUCT = YES;
				VERSIONING_SYSTEM = "apple-generic";
				VERSION_INFO_PREFIX = "";
			};
			name = Release;
		};
		505DA6602A45D443004C43D8 /* Debug */ = {
			isa = XCBuildConfiguration;
			buildSettings = {
				CLANG_ENABLE_MODULES = YES;
				CODE_SIGN_STYLE = Automatic;
				CURRENT_PROJECT_VERSION = 40;
				DEFINES_MODULE = YES;
				DYLIB_COMPATIBILITY_VERSION = 1;
				DYLIB_CURRENT_VERSION = 40;
				DYLIB_INSTALL_NAME_BASE = "@rpath";
				GENERATE_INFOPLIST_FILE = YES;
				INFOPLIST_KEY_NSHumanReadableCopyright = "";
				INSTALL_PATH = "$(LOCAL_LIBRARY_DIR)/Frameworks";
				LD_RUNPATH_SEARCH_PATHS = (
					"$(inherited)",
					"@executable_path/Frameworks",
					"@loader_path/Frameworks",
				);
				MACOSX_DEPLOYMENT_TARGET = "";
				MARKETING_VERSION = "";
				PRODUCT_BUNDLE_IDENTIFIER = com.max.SBNavigationController;
				PRODUCT_NAME = "$(TARGET_NAME:c99extidentifier)";
				SKIP_INSTALL = YES;
				SUPPORTED_PLATFORMS = "iphoneos iphonesimulator";
				SUPPORTS_MACCATALYST = NO;
				SUPPORTS_MAC_DESIGNED_FOR_IPHONE_IPAD = NO;
				SWIFT_EMIT_LOC_STRINGS = YES;
				SWIFT_OPTIMIZATION_LEVEL = "-Onone";
				SWIFT_VERSION = 5.0;
				TARGETED_DEVICE_FAMILY = "1,2";
				TVOS_DEPLOYMENT_TARGET = "";
				WATCHOS_DEPLOYMENT_TARGET = "";
			};
			name = Debug;
		};
		505DA6612A45D443004C43D8 /* Release */ = {
			isa = XCBuildConfiguration;
			buildSettings = {
				CLANG_ENABLE_MODULES = YES;
				CODE_SIGN_STYLE = Automatic;
				CURRENT_PROJECT_VERSION = 40;
				DEFINES_MODULE = YES;
				DYLIB_COMPATIBILITY_VERSION = 1;
				DYLIB_CURRENT_VERSION = 40;
				DYLIB_INSTALL_NAME_BASE = "@rpath";
				GENERATE_INFOPLIST_FILE = YES;
				INFOPLIST_KEY_NSHumanReadableCopyright = "";
				INSTALL_PATH = "$(LOCAL_LIBRARY_DIR)/Frameworks";
				LD_RUNPATH_SEARCH_PATHS = (
					"$(inherited)",
					"@executable_path/Frameworks",
					"@loader_path/Frameworks",
				);
				MACOSX_DEPLOYMENT_TARGET = "";
				MARKETING_VERSION = "";
				PRODUCT_BUNDLE_IDENTIFIER = com.max.SBNavigationController;
				PRODUCT_NAME = "$(TARGET_NAME:c99extidentifier)";
				SKIP_INSTALL = YES;
				SUPPORTED_PLATFORMS = "iphoneos iphonesimulator";
				SUPPORTS_MACCATALYST = NO;
				SUPPORTS_MAC_DESIGNED_FOR_IPHONE_IPAD = NO;
				SWIFT_EMIT_LOC_STRINGS = YES;
				SWIFT_VERSION = 5.0;
				TARGETED_DEVICE_FAMILY = "1,2";
				TVOS_DEPLOYMENT_TARGET = "";
				WATCHOS_DEPLOYMENT_TARGET = "";
			};
			name = Release;
		};
		505DA6632A45D443004C43D8 /* Debug */ = {
			isa = XCBuildConfiguration;
			buildSettings = {
				CODE_SIGN_STYLE = Automatic;
				CURRENT_PROJECT_VERSION = 40;
				GENERATE_INFOPLIST_FILE = YES;
				MARKETING_VERSION = 1.0;
				PRODUCT_BUNDLE_IDENTIFIER = com.max.SBNavigationControllerTests;
				PRODUCT_NAME = "$(TARGET_NAME)";
				SWIFT_EMIT_LOC_STRINGS = NO;
				SWIFT_VERSION = 5.0;
				TARGETED_DEVICE_FAMILY = "1,2";
			};
			name = Debug;
		};
		505DA6642A45D443004C43D8 /* Release */ = {
			isa = XCBuildConfiguration;
			buildSettings = {
				CODE_SIGN_STYLE = Automatic;
				CURRENT_PROJECT_VERSION = 40;
				GENERATE_INFOPLIST_FILE = YES;
				MARKETING_VERSION = 1.0;
				PRODUCT_BUNDLE_IDENTIFIER = com.max.SBNavigationControllerTests;
				PRODUCT_NAME = "$(TARGET_NAME)";
				SWIFT_EMIT_LOC_STRINGS = NO;
				SWIFT_VERSION = 5.0;
				TARGETED_DEVICE_FAMILY = "1,2";
			};
			name = Release;
		};
/* End XCBuildConfiguration section */

/* Begin XCConfigurationList section */
		505DA6472A45D442004C43D8 /* Build configuration list for PBXProject "SBNavigationController" */ = {
			isa = XCConfigurationList;
			buildConfigurations = (
				505DA65D2A45D443004C43D8 /* Debug */,
				505DA65E2A45D443004C43D8 /* Release */,
			);
			defaultConfigurationIsVisible = 0;
			defaultConfigurationName = Release;
		};
		505DA65F2A45D443004C43D8 /* Build configuration list for PBXNativeTarget "SBNavigationController" */ = {
			isa = XCConfigurationList;
			buildConfigurations = (
				505DA6602A45D443004C43D8 /* Debug */,
				505DA6612A45D443004C43D8 /* Release */,
			);
			defaultConfigurationIsVisible = 0;
			defaultConfigurationName = Release;
		};
		505DA6622A45D443004C43D8 /* Build configuration list for PBXNativeTarget "SBNavigationControllerTests" */ = {
			isa = XCConfigurationList;
			buildConfigurations = (
				505DA6632A45D443004C43D8 /* Debug */,
				505DA6642A45D443004C43D8 /* Release */,
			);
			defaultConfigurationIsVisible = 0;
			defaultConfigurationName = Release;
		};
/* End XCConfigurationList section */
	};
	rootObject = 505DA6442A45D442004C43D8 /* Project object */;
}
