// !$*UTF8*$!
{
	archiveVersion = 1;
	classes = {
	};
	objectVersion = 56;
	objects = {

/* Begin PBXBuildFile section */
		505DA6BF2A484155004C43D8 /* Assets.xcassets in Resources */ = {isa = PBXBuildFile; fileRef = 505DA6B62A484155004C43D8 /* Assets.xcassets */; };
		505DA6C02A484155004C43D8 /* LaunchScreen.storyboard in Resources */ = {isa = PBXBuildFile; fileRef = 505DA6B72A484155004C43D8 /* LaunchScreen.storyboard */; };
		505DA6C22A484155004C43D8 /* AppDelegate.swift in Sources */ = {isa = PBXBuildFile; fileRef = 505DA6BB2A484155004C43D8 /* AppDelegate.swift */; };
		505DA6C42A484155004C43D8 /* SceneDelegate.swift in Sources */ = {isa = PBXBuildFile; fileRef = 505DA6BD2A484155004C43D8 /* SceneDelegate.swift */; };
		505DA6D12A484234004C43D8 /* BasicViewController.swift in Sources */ = {isa = PBXBuildFile; fileRef = 505DA6C62A484234004C43D8 /* BasicViewController.swift */; };
		505DA6D22A484234004C43D8 /* HideNavigationBarViewController.swift in Sources */ = {isa = PBXBuildFile; fileRef = 505DA6C72A484234004C43D8 /* HideNavigationBarViewController.swift */; };
		505DA6D32A484234004C43D8 /* BasicTableViewController.swift in Sources */ = {isa = PBXBuildFile; fileRef = 505DA6C82A484234004C43D8 /* BasicTableViewController.swift */; };
		505DA6D42A484234004C43D8 /* BasicBrowserViewController.swift in Sources */ = {isa = PBXBuildFile; fileRef = 505DA6C92A484234004C43D8 /* BasicBrowserViewController.swift */; };
		505DA6D52A484234004C43D8 /* DisableInteractivePopViewController.swift in Sources */ = {isa = PBXBuildFile; fileRef = 505DA6CA2A484234004C43D8 /* DisableInteractivePopViewController.swift */; };
		505DA6D62A484234004C43D8 /* BasicCollectionViewController.swift in Sources */ = {isa = PBXBuildFile; fileRef = 505DA6CB2A484234004C43D8 /* BasicCollectionViewController.swift */; };
		505DA6D72A484234004C43D8 /* NeedsRemovedViewController.swift in Sources */ = {isa = PBXBuildFile; fileRef = 505DA6CC2A484234004C43D8 /* NeedsRemovedViewController.swift */; };
		505DA6D82A484234004C43D8 /* MainViewController.swift in Sources */ = {isa = PBXBuildFile; fileRef = 505DA6CD2A484234004C43D8 /* MainViewController.swift */; };
		505DA6D92A484234004C43D8 /* UnwindSegueViewController.swift in Sources */ = {isa = PBXBuildFile; fileRef = 505DA6CE2A484234004C43D8 /* UnwindSegueViewController.swift */; };
		505DA6DA2A484234004C43D8 /* CustomNavigationBarViewController.swift in Sources */ = {isa = PBXBuildFile; fileRef = 505DA6CF2A484234004C43D8 /* CustomNavigationBarViewController.swift */; };
		505DA6DB2A484234004C43D8 /* GradientNavigationBarViewController.swift in Sources */ = {isa = PBXBuildFile; fileRef = 505DA6D02A484234004C43D8 /* GradientNavigationBarViewController.swift */; };
		505DA6DE2A48433D004C43D8 /* SBNavigationController.framework in Frameworks */ = {isa = PBXBuildFile; fileRef = 505DA6DD2A48433D004C43D8 /* SBNavigationController.framework */; };
		505DA6E12A4846BF004C43D8 /* Main.storyboard in Resources */ = {isa = PBXBuildFile; fileRef = 505DA6DF2A4846BF004C43D8 /* Main.storyboard */; };
/* End PBXBuildFile section */

/* Begin PBXFileReference section */
		505DA6712A45D657004C43D8 /* SBNavigationController-Demo.app */ = {isa = PBXFileReference; explicitFileType = wrapper.application; includeInIndex = 0; path = "SBNavigationController-Demo.app"; sourceTree = BUILT_PRODUCTS_DIR; };
		505DA6B62A484155004C43D8 /* Assets.xcassets */ = {isa = PBXFileReference; lastKnownFileType = folder.assetcatalog; path = Assets.xcassets; sourceTree = "<group>"; };
		505DA6B82A484155004C43D8 /* Base */ = {isa = PBXFileReference; lastKnownFileType = file.storyboard; name = Base; path = Base.lproj/LaunchScreen.storyboard; sourceTree = "<group>"; };
		505DA6BB2A484155004C43D8 /* AppDelegate.swift */ = {isa = PBXFileReference; fileEncoding = 4; lastKnownFileType = sourcecode.swift; path = AppDelegate.swift; sourceTree = "<group>"; };
		505DA6BC2A484155004C43D8 /* Info.plist */ = {isa = PBXFileReference; fileEncoding = 4; lastKnownFileType = text.plist.xml; path = Info.plist; sourceTree = "<group>"; };
		505DA6BD2A484155004C43D8 /* SceneDelegate.swift */ = {isa = PBXFileReference; fileEncoding = 4; lastKnownFileType = sourcecode.swift; path = SceneDelegate.swift; sourceTree = "<group>"; };
		505DA6C62A484234004C43D8 /* BasicViewController.swift */ = {isa = PBXFileReference; fileEncoding = 4; lastKnownFileType = sourcecode.swift; path = BasicViewController.swift; sourceTree = "<group>"; };
		505DA6C72A484234004C43D8 /* HideNavigationBarViewController.swift */ = {isa = PBXFileReference; fileEncoding = 4; lastKnownFileType = sourcecode.swift; path = HideNavigationBarViewController.swift; sourceTree = "<group>"; };
		505DA6C82A484234004C43D8 /* BasicTableViewController.swift */ = {isa = PBXFileReference; fileEncoding = 4; lastKnownFileType = sourcecode.swift; path = BasicTableViewController.swift; sourceTree = "<group>"; };
		505DA6C92A484234004C43D8 /* BasicBrowserViewController.swift */ = {isa = PBXFileReference; fileEncoding = 4; lastKnownFileType = sourcecode.swift; path = BasicBrowserViewController.swift; sourceTree = "<group>"; };
		505DA6CA2A484234004C43D8 /* DisableInteractivePopViewController.swift */ = {isa = PBXFileReference; fileEncoding = 4; lastKnownFileType = sourcecode.swift; path = DisableInteractivePopViewController.swift; sourceTree = "<group>"; };
		505DA6CB2A484234004C43D8 /* BasicCollectionViewController.swift */ = {isa = PBXFileReference; fileEncoding = 4; lastKnownFileType = sourcecode.swift; path = BasicCollectionViewController.swift; sourceTree = "<group>"; };
		505DA6CC2A484234004C43D8 /* NeedsRemovedViewController.swift */ = {isa = PBXFileReference; fileEncoding = 4; lastKnownFileType = sourcecode.swift; path = NeedsRemovedViewController.swift; sourceTree = "<group>"; };
		505DA6CD2A484234004C43D8 /* MainViewController.swift */ = {isa = PBXFileReference; fileEncoding = 4; lastKnownFileType = sourcecode.swift; path = MainViewController.swift; sourceTree = "<group>"; };
		505DA6CE2A484234004C43D8 /* UnwindSegueViewController.swift */ = {isa = PBXFileReference; fileEncoding = 4; lastKnownFileType = sourcecode.swift; path = UnwindSegueViewController.swift; sourceTree = "<group>"; };
		505DA6CF2A484234004C43D8 /* CustomNavigationBarViewController.swift */ = {isa = PBXFileReference; fileEncoding = 4; lastKnownFileType = sourcecode.swift; path = CustomNavigationBarViewController.swift; sourceTree = "<group>"; };
		505DA6D02A484234004C43D8 /* GradientNavigationBarViewController.swift */ = {isa = PBXFileReference; fileEncoding = 4; lastKnownFileType = sourcecode.swift; path = GradientNavigationBarViewController.swift; sourceTree = "<group>"; };
		505DA6DD2A48433D004C43D8 /* SBNavigationController.framework */ = {isa = PBXFileReference; explicitFileType = wrapper.framework; path = SBNavigationController.framework; sourceTree = BUILT_PRODUCTS_DIR; };
		505DA6E02A4846BF004C43D8 /* Base */ = {isa = PBXFileReference; lastKnownFileType = file.storyboard; name = Base; path = Base.lproj/Main.storyboard; sourceTree = "<group>"; };
/* End PBXFileReference section */

/* Begin PBXFrameworksBuildPhase section */
		505DA66E2A45D657004C43D8 /* Frameworks */ = {
			isa = PBXFrameworksBuildPhase;
			buildActionMask = 2147483647;
			files = (
				505DA6DE2A48433D004C43D8 /* SBNavigationController.framework in Frameworks */,
			);
			runOnlyForDeploymentPostprocessing = 0;
		};
/* End PBXFrameworksBuildPhase section */

/* Begin PBXGroup section */
		505DA6682A45D657004C43D8 = {
			isa = PBXGroup;
			children = (
				505DA6732A45D657004C43D8 /* Demo */,
				505DA6722A45D657004C43D8 /* Products */,
				505DA6DC2A48433D004C43D8 /* Frameworks */,
			);
			sourceTree = "<group>";
		};
		505DA6722A45D657004C43D8 /* Products */ = {
			isa = PBXGroup;
			children = (
				505DA6712A45D657004C43D8 /* SBNavigationController-Demo.app */,
			);
			name = Products;
			sourceTree = "<group>";
		};
		505DA6732A45D657004C43D8 /* Demo */ = {
			isa = PBXGroup;
			children = (
				505DA6B42A484155004C43D8 /* Spirit-Demo */,
			);
			name = Demo;
			sourceTree = "<group>";
		};
		505DA6B42A484155004C43D8 /* Spirit-Demo */ = {
			isa = PBXGroup;
			children = (
				505DA6BB2A484155004C43D8 /* AppDelegate.swift */,
				505DA6BD2A484155004C43D8 /* SceneDelegate.swift */,
				505DA6B72A484155004C43D8 /* LaunchScreen.storyboard */,
				505DA6DF2A4846BF004C43D8 /* Main.storyboard */,
				505DA6C52A4841FA004C43D8 /* ViewControllers */,
				505DA6B62A484155004C43D8 /* Assets.xcassets */,
				505DA6BC2A484155004C43D8 /* Info.plist */,
			);
			name = "Spirit-Demo";
			path = "Demo/Spirit-Demo";
			sourceTree = "<group>";
		};
		505DA6C52A4841FA004C43D8 /* ViewControllers */ = {
			isa = PBXGroup;
			children = (
				505DA6CD2A484234004C43D8 /* MainViewController.swift */,
				505DA6C62A484234004C43D8 /* BasicViewController.swift */,
				505DA6CB2A484234004C43D8 /* BasicCollectionViewController.swift */,
				505DA6C82A484234004C43D8 /* BasicTableViewController.swift */,
				505DA6C92A484234004C43D8 /* BasicBrowserViewController.swift */,
				505DA6CF2A484234004C43D8 /* CustomNavigationBarViewController.swift */,
				505DA6D02A484234004C43D8 /* GradientNavigationBarViewController.swift */,
				505DA6C72A484234004C43D8 /* HideNavigationBarViewController.swift */,
				505DA6CA2A484234004C43D8 /* DisableInteractivePopViewController.swift */,
				505DA6CC2A484234004C43D8 /* NeedsRemovedViewController.swift */,
				505DA6CE2A484234004C43D8 /* UnwindSegueViewController.swift */,
			);
			path = ViewControllers;
			sourceTree = "<group>";
		};
		505DA6DC2A48433D004C43D8 /* Frameworks */ = {
			isa = PBXGroup;
			children = (
				505DA6DD2A48433D004C43D8 /* SBNavigationController.framework */,
			);
			name = Frameworks;
			sourceTree = "<group>";
		};
/* End PBXGroup section */

/* Begin PBXNativeTarget section */
		505DA6702A45D657004C43D8 /* SBNavigationController-Demo */ = {
			isa = PBXNativeTarget;
			buildConfigurationList = 505DA6852A45D657004C43D8 /* Build configuration list for PBXNativeTarget "SBNavigationController-Demo" */;
			buildPhases = (
				505DA66D2A45D657004C43D8 /* Sources */,
				505DA66E2A45D657004C43D8 /* Frameworks */,
				505DA66F2A45D657004C43D8 /* Resources */,
			);
			buildRules = (
			);
			dependencies = (
			);
			name = "SBNavigationController-Demo";
			productName = "SBNavigationController-Demo";
			productReference = 505DA6712A45D657004C43D8 /* SBNavigationController-Demo.app */;
			productType = "com.apple.product-type.application";
		};
/* End PBXNativeTarget section */

/* Begin PBXProject section */
		505DA6692A45D657004C43D8 /* Project object */ = {
			isa = PBXProject;
			attributes = {
				BuildIndependentTargetsInParallel = 1;
				LastSwiftUpdateCheck = 1420;
				LastUpgradeCheck = 1420;
				TargetAttributes = {
					505DA6702A45D657004C43D8 = {
						CreatedOnToolsVersion = 14.2;
						LastSwiftMigration = 1420;
					};
				};
			};
			buildConfigurationList = 505DA66C2A45D657004C43D8 /* Build configuration list for PBXProject "SBNavigationController-Demo" */;
			compatibilityVersion = "Xcode 14.0";
			developmentRegion = en;
			hasScannedForEncodings = 0;
			knownRegions = (
				en,
				Base,
			);
			mainGroup = 505DA6682A45D657004C43D8;
			productRefGroup = 505DA6722A45D657004C43D8 /* Products */;
			projectDirPath = "";
			projectRoot = "";
			targets = (
				505DA6702A45D657004C43D8 /* SBNavigationController-Demo */,
			);
		};
/* End PBXProject section */

/* Begin PBXResourcesBuildPhase section */
		505DA66F2A45D657004C43D8 /* Resources */ = {
			isa = PBXResourcesBuildPhase;
			buildActionMask = 2147483647;
			files = (
				505DA6E12A4846BF004C43D8 /* Main.storyboard in Resources */,
				505DA6BF2A484155004C43D8 /* Assets.xcassets in Resources */,
				505DA6C02A484155004C43D8 /* LaunchScreen.storyboard in Resources */,
			);
			runOnlyForDeploymentPostprocessing = 0;
		};
/* End PBXResourcesBuildPhase section */

/* Begin PBXSourcesBuildPhase section */
		505DA66D2A45D657004C43D8 /* Sources */ = {
			isa = PBXSourcesBuildPhase;
			buildActionMask = 2147483647;
			files = (
				505DA6C22A484155004C43D8 /* AppDelegate.swift in Sources */,
				505DA6D82A484234004C43D8 /* MainViewController.swift in Sources */,
				505DA6D12A484234004C43D8 /* BasicViewController.swift in Sources */,
				505DA6D42A484234004C43D8 /* BasicBrowserViewController.swift in Sources */,
				505DA6D72A484234004C43D8 /* NeedsRemovedViewController.swift in Sources */,
				505DA6D62A484234004C43D8 /* BasicCollectionViewController.swift in Sources */,
				505DA6D92A484234004C43D8 /* UnwindSegueViewController.swift in Sources */,
				505DA6D52A484234004C43D8 /* DisableInteractivePopViewController.swift in Sources */,
				505DA6C42A484155004C43D8 /* SceneDelegate.swift in Sources */,
				505DA6DB2A484234004C43D8 /* GradientNavigationBarViewController.swift in Sources */,
				505DA6D32A484234004C43D8 /* BasicTableViewController.swift in Sources */,
				505DA6DA2A484234004C43D8 /* CustomNavigationBarViewController.swift in Sources */,
				505DA6D22A484234004C43D8 /* HideNavigationBarViewController.swift in Sources */,
			);
			runOnlyForDeploymentPostprocessing = 0;
		};
/* End PBXSourcesBuildPhase section */

/* Begin PBXVariantGroup section */
		505DA6B72A484155004C43D8 /* LaunchScreen.storyboard */ = {
			isa = PBXVariantGroup;
			children = (
				505DA6B82A484155004C43D8 /* Base */,
			);
			name = LaunchScreen.storyboard;
			sourceTree = "<group>";
		};
		505DA6DF2A4846BF004C43D8 /* Main.storyboard */ = {
			isa = PBXVariantGroup;
			children = (
				505DA6E02A4846BF004C43D8 /* Base */,
			);
			name = Main.storyboard;
			sourceTree = "<group>";
		};
/* End PBXVariantGroup section */

/* Begin XCBuildConfiguration section */
		505DA6832A45D657004C43D8 /* Debug */ = {
			isa = XCBuildConfiguration;
			buildSettings = {
				ALWAYS_SEARCH_USER_PATHS = NO;
				CLANG_ANALYZER_NONNULL = YES;
				CLANG_ANALYZER_NUMBER_OBJECT_CONVERSION = YES_AGGRESSIVE;
				CLANG_CXX_LANGUAGE_STANDARD = "gnu++20";
				CLANG_ENABLE_MODULES = YES;
				CLANG_ENABLE_OBJC_ARC = YES;
				CLANG_ENABLE_OBJC_WEAK = YES;
				CLANG_WARN_BLOCK_CAPTURE_AUTORELEASING = YES;
				CLANG_WARN_BOOL_CONVERSION = YES;
				CLANG_WARN_COMMA = YES;
				CLANG_WARN_CONSTANT_CONVERSION = YES;
				CLANG_WARN_DEPRECATED_OBJC_IMPLEMENTATIONS = YES;
				CLANG_WARN_DIRECT_OBJC_ISA_USAGE = YES_ERROR;
				CLANG_WARN_DOCUMENTATION_COMMENTS = YES;
				CLANG_WARN_EMPTY_BODY = YES;
				CLANG_WARN_ENUM_CONVERSION = YES;
				CLANG_WARN_INFINITE_RECURSION = YES;
				CLANG_WARN_INT_CONVERSION = YES;
				CLANG_WARN_NON_LITERAL_NULL_CONVERSION = YES;
				CLANG_WARN_OBJC_IMPLICIT_RETAIN_SELF = YES;
				CLANG_WARN_OBJC_LITERAL_CONVERSION = YES;
				CLANG_WARN_OBJC_ROOT_CLASS = YES_ERROR;
				CLANG_WARN_QUOTED_INCLUDE_IN_FRAMEWORK_HEADER = YES;
				CLANG_WARN_RANGE_LOOP_ANALYSIS = YES;
				CLANG_WARN_STRICT_PROTOTYPES = YES;
				CLANG_WARN_SUSPICIOUS_MOVE = YES;
				CLANG_WARN_UNGUARDED_AVAILABILITY = YES_AGGRESSIVE;
				CLANG_WARN_UNREACHABLE_CODE = YES;
				CLANG_WARN__DUPLICATE_METHOD_MATCH = YES;
				COPY_PHASE_STRIP = NO;
				DEBUG_INFORMATION_FORMAT = dwarf;
				ENABLE_STRICT_OBJC_MSGSEND = YES;
				ENABLE_TESTABILITY = YES;
				GCC_C_LANGUAGE_STANDARD = gnu11;
				GCC_DYNAMIC_NO_PIC = NO;
				GCC_NO_COMMON_BLOCKS = YES;
				GCC_OPTIMIZATION_LEVEL = 0;
				GCC_PREPROCESSOR_DEFINITIONS = (
					"DEBUG=1",
					"$(inherited)",
				);
				GCC_WARN_64_TO_32_BIT_CONVERSION = YES;
				GCC_WARN_ABOUT_RETURN_TYPE = YES_ERROR;
				GCC_WARN_UNDECLARED_SELECTOR = YES;
				GCC_WARN_UNINITIALIZED_AUTOS = YES_AGGRESSIVE;
				GCC_WARN_UNUSED_FUNCTION = YES;
				GCC_WARN_UNUSED_VARIABLE = YES;
				IPHONEOS_DEPLOYMENT_TARGET = 13.0;
				MTL_ENABLE_DEBUG_INFO = INCLUDE_SOURCE;
				MTL_FAST_MATH = YES;
				ONLY_ACTIVE_ARCH = YES;
				SDKROOT = iphoneos;
				SWIFT_ACTIVE_COMPILATION_CONDITIONS = DEBUG;
				SWIFT_OPTIMIZATION_LEVEL = "-Onone";
				SWIFT_VERSION = 5.0;
			};
			name = Debug;
		};
		505DA6842A45D657004C43D8 /* Release */ = {
			isa = XCBuildConfiguration;
			buildSettings = {
				ALWAYS_SEARCH_USER_PATHS = NO;
				CLANG_ANALYZER_NONNULL = YES;
				CLANG_ANALYZER_NUMBER_OBJECT_CONVERSION = YES_AGGRESSIVE;
				CLANG_CXX_LANGUAGE_STANDARD = "gnu++20";
				CLANG_ENABLE_MODULES = YES;
				CLANG_ENABLE_OBJC_ARC = YES;
				CLANG_ENABLE_OBJC_WEAK = YES;
				CLANG_WARN_BLOCK_CAPTURE_AUTORELEASING = YES;
				CLANG_WARN_BOOL_CONVERSION = YES;
				CLANG_WARN_COMMA = YES;
				CLANG_WARN_CONSTANT_CONVERSION = YES;
				CLANG_WARN_DEPRECATED_OBJC_IMPLEMENTATIONS = YES;
				CLANG_WARN_DIRECT_OBJC_ISA_USAGE = YES_ERROR;
				CLANG_WARN_DOCUMENTATION_COMMENTS = YES;
				CLANG_WARN_EMPTY_BODY = YES;
				CLANG_WARN_ENUM_CONVERSION = YES;
				CLANG_WARN_INFINITE_RECURSION = YES;
				CLANG_WARN_INT_CONVERSION = YES;
				CLANG_WARN_NON_LITERAL_NULL_CONVERSION = YES;
				CLANG_WARN_OBJC_IMPLICIT_RETAIN_SELF = YES;
				CLANG_WARN_OBJC_LITERAL_CONVERSION = YES;
				CLANG_WARN_OBJC_ROOT_CLASS = YES_ERROR;
				CLANG_WARN_QUOTED_INCLUDE_IN_FRAMEWORK_HEADER = YES;
				CLANG_WARN_RANGE_LOOP_ANALYSIS = YES;
				CLANG_WARN_STRICT_PROTOTYPES = YES;
				CLANG_WARN_SUSPICIOUS_MOVE = YES;
				CLANG_WARN_UNGUARDED_AVAILABILITY = YES_AGGRESSIVE;
				CLANG_WARN_UNREACHABLE_CODE = YES;
				CLANG_WARN__DUPLICATE_METHOD_MATCH = YES;
				COPY_PHASE_STRIP = NO;
				DEBUG_INFORMATION_FORMAT = "dwarf-with-dsym";
				ENABLE_NS_ASSERTIONS = NO;
				ENABLE_STRICT_OBJC_MSGSEND = YES;
				GCC_C_LANGUAGE_STANDARD = gnu11;
				GCC_NO_COMMON_BLOCKS = YES;
				GCC_WARN_64_TO_32_BIT_CONVERSION = YES;
				GCC_WARN_ABOUT_RETURN_TYPE = YES_ERROR;
				GCC_WARN_UNDECLARED_SELECTOR = YES;
				GCC_WARN_UNINITIALIZED_AUTOS = YES_AGGRESSIVE;
				GCC_WARN_UNUSED_FUNCTION = YES;
				GCC_WARN_UNUSED_VARIABLE = YES;
				IPHONEOS_DEPLOYMENT_TARGET = 13.0;
				MTL_ENABLE_DEBUG_INFO = NO;
				MTL_FAST_MATH = YES;
				SDKROOT = iphoneos;
				SWIFT_COMPILATION_MODE = wholemodule;
				SWIFT_OPTIMIZATION_LEVEL = "-O";
				SWIFT_VERSION = 5.0;
				VALIDATE_PRODUCT = YES;
			};
			name = Release;
		};
		505DA6862A45D657004C43D8 /* Debug */ = {
			isa = XCBuildConfiguration;
			buildSettings = {
				ASSETCATALOG_COMPILER_APPICON_NAME = AppIcon;
				ASSETCATALOG_COMPILER_GLOBAL_ACCENT_COLOR_NAME = AccentColor;
				CLANG_ENABLE_MODULES = YES;
				CODE_SIGN_STYLE = Automatic;
				CURRENT_PROJECT_VERSION = 1;
				GENERATE_INFOPLIST_FILE = YES;
				INFOPLIST_FILE = "Demo/Spirit-Demo/Info.plist";
				INFOPLIST_KEY_UIApplicationSupportsIndirectInputEvents = YES;
				INFOPLIST_KEY_UILaunchStoryboardName = LaunchScreen;
				INFOPLIST_KEY_UIMainStoryboardFile = Main;
				INFOPLIST_KEY_UISupportedInterfaceOrientations_iPad = "UIInterfaceOrientationPortrait UIInterfaceOrientationPortraitUpsideDown UIInterfaceOrientationLandscapeLeft UIInterfaceOrientationLandscapeRight";
				INFOPLIST_KEY_UISupportedInterfaceOrientations_iPhone = "UIInterfaceOrientationPortrait UIInterfaceOrientationLandscapeLeft UIInterfaceOrientationLandscapeRight";
				LD_RUNPATH_SEARCH_PATHS = (
					"$(inherited)",
					"@executable_path/Frameworks",
				);
				MACOSX_DEPLOYMENT_TARGET = "";
				MARKETING_VERSION = 1.0;
				PRODUCT_BUNDLE_IDENTIFIER = "com.max.SBNavigationController-Demo";
				PRODUCT_NAME = "$(TARGET_NAME)";
				SUPPORTED_PLATFORMS = "iphoneos iphonesimulator";
				SUPPORTS_MACCATALYST = NO;
				SUPPORTS_MAC_DESIGNED_FOR_IPHONE_IPAD = NO;
				SWIFT_EMIT_LOC_STRINGS = YES;
				SWIFT_OPTIMIZATION_LEVEL = "-Onone";
				SWIFT_VERSION = 5.0;
				TARGETED_DEVICE_FAMILY = "1,2";
				TVOS_DEPLOYMENT_TARGET = "";
				WATCHOS_DEPLOYMENT_TARGET = "";
			};
			name = Debug;
		};
		505DA6872A45D657004C43D8 /* Release */ = {
			isa = XCBuildConfiguration;
			buildSettings = {
				ASSETCATALOG_COMPILER_APPICON_NAME = AppIcon;
				ASSETCATALOG_COMPILER_GLOBAL_ACCENT_COLOR_NAME = AccentColor;
				CLANG_ENABLE_MODULES = YES;
				CODE_SIGN_STYLE = Automatic;
				CURRENT_PROJECT_VERSION = 1;
				GENERATE_INFOPLIST_FILE = YES;
				INFOPLIST_FILE = "Demo/Spirit-Demo/Info.plist";
				INFOPLIST_KEY_UIApplicationSupportsIndirectInputEvents = YES;
				INFOPLIST_KEY_UILaunchStoryboardName = LaunchScreen;
				INFOPLIST_KEY_UIMainStoryboardFile = Main;
				INFOPLIST_KEY_UISupportedInterfaceOrientations_iPad = "UIInterfaceOrientationPortrait UIInterfaceOrientationPortraitUpsideDown UIInterfaceOrientationLandscapeLeft UIInterfaceOrientationLandscapeRight";
				INFOPLIST_KEY_UISupportedInterfaceOrientations_iPhone = "UIInterfaceOrientationPortrait UIInterfaceOrientationLandscapeLeft UIInterfaceOrientationLandscapeRight";
				LD_RUNPATH_SEARCH_PATHS = (
					"$(inherited)",
					"@executable_path/Frameworks",
				);
				MACOSX_DEPLOYMENT_TARGET = "";
				MARKETING_VERSION = 1.0;
				PRODUCT_BUNDLE_IDENTIFIER = "com.max.SBNavigationController-Demo";
				PRODUCT_NAME = "$(TARGET_NAME)";
				SUPPORTED_PLATFORMS = "iphoneos iphonesimulator";
				SUPPORTS_MACCATALYST = NO;
				SUPPORTS_MAC_DESIGNED_FOR_IPHONE_IPAD = NO;
				SWIFT_EMIT_LOC_STRINGS = YES;
				SWIFT_VERSION = 5.0;
				TARGETED_DEVICE_FAMILY = "1,2";
				TVOS_DEPLOYMENT_TARGET = "";
				WATCHOS_DEPLOYMENT_TARGET = "";
			};
			name = Release;
		};
/* End XCBuildConfiguration section */

/* Begin XCConfigurationList section */
		505DA66C2A45D657004C43D8 /* Build configuration list for PBXProject "SBNavigationController-Demo" */ = {
			isa = XCConfigurationList;
			buildConfigurations = (
				505DA6832A45D657004C43D8 /* Debug */,
				505DA6842A45D657004C43D8 /* Release */,
			);
			defaultConfigurationIsVisible = 0;
			defaultConfigurationName = Release;
		};
		505DA6852A45D657004C43D8 /* Build configuration list for PBXNativeTarget "SBNavigationController-Demo" */ = {
			isa = XCConfigurationList;
			buildConfigurations = (
				505DA6862A45D657004C43D8 /* Debug */,
				505DA6872A45D657004C43D8 /* Release */,
			);
			defaultConfigurationIsVisible = 0;
			defaultConfigurationName = Release;
		};
/* End XCConfigurationList section */
	};
	rootObject = 505DA6692A45D657004C43D8 /* Project object */;
}
